{
  "version": 4,
  "terraform_version": "1.0.0",
  "serial": 50,
  "lineage": "8cf4049d-8aee-0dea-28b4-334950c40ed9",
  "outputs": {},
  "resources": [
    {
      "mode": "data",
      "type": "google_iam_policy",
      "name": "noauth",
      "provider": "provider[\"registry.terraform.io/hashicorp/google\"]",
      "instances": [
        {
          "schema_version": 0,
          "attributes": {
            "audit_config": null,
            "binding": [
              {
                "condition": [],
                "members": [
                  "allUsers"
                ],
                "role": "roles/run.invoker"
              }
            ],
            "id": "3450855414",
            "policy_data": "{\"bindings\":[{\"members\":[\"allUsers\"],\"role\":\"roles/run.invoker\"}]}"
          },
          "sensitive_attributes": []
        }
      ]
    },
    {
      "mode": "managed",
      "type": "google_cloud_run_service",
      "name": "backend",
      "provider": "provider[\"registry.terraform.io/hashicorp/google\"]",
      "instances": [
        {
          "status": "tainted",
          "schema_version": 1,
          "attributes": {
            "autogenerate_revision_name": false,
            "id": "locations/europe-west2/namespaces/critter-367017/services/critter-backend",
            "location": "europe-west2",
            "metadata": [
              {
                "annotations": {
                  "run.googleapis.com/client-name": "terraform"
                },
                "generation": 0,
                "labels": {},
                "namespace": "",
                "resource_version": "",
                "self_link": "",
                "uid": ""
              }
            ],
            "name": "critter-backend",
            "project": null,
            "status": null,
            "template": [
              {
                "metadata": [],
                "spec": [
                  {
                    "container_concurrency": 0,
                    "containers": [
                      {
                        "args": null,
                        "command": null,
                        "env": [
                          {
                            "name": "CREDENTIALS",
                            "value": "",
                            "value_from": [
                              {
                                "secret_key_ref": [
                                  {
                                    "key": "latest",
                                    "name": "critter-credentials"
                                  }
                                ]
                              }
                            ]
                          }
                        ],
                        "env_from": [],
                        "image": "europe-west2-docker.pkg.dev/critter-367017/app/critter",
                        "ports": [
                          {
                            "container_port": 8000,
                            "name": "",
                            "protocol": ""
                          }
                        ],
                        "resources": [],
                        "volume_mounts": [],
                        "working_dir": ""
                      }
                    ],
                    "service_account_name": "backend-service-account@critter-367017.iam.gserviceaccount.com",
                    "serving_state": "",
                    "timeout_seconds": 0,
                    "volumes": []
                  }
                ]
              }
            ],
            "timeouts": null,
            "traffic": [
              {
                "latest_revision": true,
                "percent": 100,
                "revision_name": "",
                "tag": "",
                "url": ""
              }
            ]
          },
          "sensitive_attributes": [],
          "private": "eyJlMmJmYjczMC1lY2FhLTExZTYtOGY4OC0zNDM2M2JjN2M0YzAiOnsiY3JlYXRlIjoxMjAwMDAwMDAwMDAwLCJkZWxldGUiOjEyMDAwMDAwMDAwMDAsInVwZGF0ZSI6MTIwMDAwMDAwMDAwMH0sInNjaGVtYV92ZXJzaW9uIjoiMSJ9",
          "dependencies": [
            "google_secret_manager_secret.credentials",
            "google_service_account.backend_service_account"
          ]
        }
      ]
    },
    {
      "mode": "managed",
      "type": "google_cloud_run_service_iam_policy",
      "name": "noauth",
      "provider": "provider[\"registry.terraform.io/hashicorp/google\"]",
      "instances": []
    },
    {
      "mode": "managed",
      "type": "google_secret_manager_secret",
      "name": "credentials",
      "provider": "provider[\"registry.terraform.io/hashicorp/google\"]",
      "instances": [
        {
          "schema_version": 0,
          "attributes": {
            "create_time": "2022-10-30T21:09:07.684709Z",
            "expire_time": "",
            "id": "projects/critter-367017/secrets/critter-credentials",
            "labels": {},
            "name": "projects/898138174624/secrets/critter-credentials",
            "project": "critter-367017",
            "replication": [
              {
                "automatic": false,
                "user_managed": [
                  {
                    "replicas": [
                      {
                        "customer_managed_encryption": [],
                        "location": "europe-west2"
                      }
                    ]
                  }
                ]
              }
            ],
            "rotation": [],
            "secret_id": "critter-credentials",
            "timeouts": null,
            "topics": [],
            "ttl": null
          },
          "sensitive_attributes": [],
          "private": "eyJlMmJmYjczMC1lY2FhLTExZTYtOGY4OC0zNDM2M2JjN2M0YzAiOnsiY3JlYXRlIjoxMjAwMDAwMDAwMDAwLCJkZWxldGUiOjEyMDAwMDAwMDAwMDAsInVwZGF0ZSI6MTIwMDAwMDAwMDAwMH19"
        }
      ]
    },
    {
      "mode": "managed",
      "type": "google_secret_manager_secret_iam_member",
      "name": "backend-credentials-access",
      "provider": "provider[\"registry.terraform.io/hashicorp/google\"]",
      "instances": [
        {
          "schema_version": 0,
          "attributes": {
            "condition": [],
            "etag": "BwXscHtR7oY=",
            "id": "projects/critter-367017/secrets/critter-credentials/roles/secretmanager.secretAccessor/serviceAccount:backend-service-account@critter-367017.iam.gserviceaccount.com",
            "member": "serviceAccount:backend-service-account@critter-367017.iam.gserviceaccount.com",
            "project": "critter-367017",
            "role": "roles/secretmanager.secretAccessor",
            "secret_id": "projects/critter-367017/secrets/critter-credentials"
          },
          "sensitive_attributes": [],
          "private": "bnVsbA==",
          "dependencies": [
            "google_secret_manager_secret.credentials",
            "google_service_account.backend_service_account"
          ]
        }
      ]
    },
    {
      "mode": "managed",
      "type": "google_service_account",
      "name": "backend_service_account",
      "provider": "provider[\"registry.terraform.io/hashicorp/google\"]",
      "instances": [
        {
          "schema_version": 0,
          "attributes": {
            "account_id": "backend-service-account",
            "description": "",
            "disabled": false,
            "display_name": "Account for Critter Backend",
            "email": "backend-service-account@critter-367017.iam.gserviceaccount.com",
            "id": "projects/critter-367017/serviceAccounts/backend-service-account@critter-367017.iam.gserviceaccount.com",
            "name": "projects/critter-367017/serviceAccounts/backend-service-account@critter-367017.iam.gserviceaccount.com",
            "project": "critter-367017",
            "timeouts": null,
            "unique_id": "110183153558257067495"
          },
          "sensitive_attributes": [],
          "private": "eyJlMmJmYjczMC1lY2FhLTExZTYtOGY4OC0zNDM2M2JjN2M0YzAiOnsiY3JlYXRlIjozMDAwMDAwMDAwMDB9fQ=="
        }
      ]
    }
  ]
}
